
Microsoft Visual Studio Solution File, Format Version 12.00
# Visual Studio Version 17
VisualStudioVersion = 17.0.31903.59
MinimumVisualStudioVersion = 10.0.40219.1
Project("{9A19103F-16F7-4668-BE54-9A1E7A4F7556}") = "Calculator", "Calculator\Calculator.csproj", "{D3E2ED5E-572B-4A51-8609-E44B96DDA395}"
EndProject
Project("{9A19103F-16F7-4668-BE54-9A1E7A4F7556}") = "Ex1", "Ex1\Ex1.csproj", "{35EE08F5-9A4B-4C4D-A2BD-62353F1BA0C2}"
EndProject
Project("{9A19103F-16F7-4668-BE54-9A1E7A4F7556}") = "Ex2", "Ex2\Ex2.csproj", "{F7901B73-D689-43B9-8713-D1421059126C}"
EndProject
Project("{9A19103F-16F7-4668-BE54-9A1E7A4F7556}") = "Ex3", "Ex3\Ex3.csproj", "{B631E492-E778-4BD6-8305-F6C1963F4E47}"
EndProject
Project("{9A19103F-16F7-4668-BE54-9A1E7A4F7556}") = "Ex4", "Ex4\Ex4.csproj", "{017122D0-40F4-4410-962D-17B6A491A201}"
EndProject
Project("{9A19103F-16F7-4668-BE54-9A1E7A4F7556}") = "GestaoAlunos", "GestaoAlunos\GestaoAlunos.csproj", "{26D22674-C3AC-4DEC-A1F9-296A7994143E}"
EndProject
Project("{FAE04EC0-301F-11D3-BF4B-00C04F79EFBC}") = "WpfApp1", "WpfApp1\WpfApp1.csproj", "{8F4AA4D3-BF01-42C8-A2FC-EB9840FE8497}"
EndProject
Project("{FAE04EC0-301F-11D3-BF4B-00C04F79EFBC}") = "ConsoleApp1", "ConsoleApp1\ConsoleApp1.csproj", "{351C7E3E-C0C8-4AFA-95F9-B52597BB3EFD}"
EndProject
Global
	GlobalSection(SolutionConfigurationPlatforms) = preSolution
		Debug|Any CPU = Debug|Any CPU
		Debug|x64 = Debug|x64
		Debug|x86 = Debug|x86
		Release|Any CPU = Release|Any CPU
		Release|x64 = Release|x64
		Release|x86 = Release|x86
	EndGlobalSection
	GlobalSection(ProjectConfigurationPlatforms) = postSolution
		{D3E2ED5E-572B-4A51-8609-E44B96DDA395}.Debug|Any CPU.ActiveCfg = Debug|Any CPU
		{D3E2ED5E-572B-4A51-8609-E44B96DDA395}.Debug|Any CPU.Build.0 = Debug|Any CPU
		{D3E2ED5E-572B-4A51-8609-E44B96DDA395}.Debug|x64.ActiveCfg = Debug|Any CPU
		{D3E2ED5E-572B-4A51-8609-E44B96DDA395}.Debug|x64.Build.0 = Debug|Any CPU
		{D3E2ED5E-572B-4A51-8609-E44B96DDA395}.Debug|x86.ActiveCfg = Debug|Any CPU
		{D3E2ED5E-572B-4A51-8609-E44B96DDA395}.Debug|x86.Build.0 = Debug|Any CPU
		{D3E2ED5E-572B-4A51-8609-E44B96DDA395}.Release|Any CPU.ActiveCfg = Release|Any CPU
		{D3E2ED5E-572B-4A51-8609-E44B96DDA395}.Release|Any CPU.Build.0 = Release|Any CPU
		{D3E2ED5E-572B-4A51-8609-E44B96DDA395}.Release|x64.ActiveCfg = Release|Any CPU
		{D3E2ED5E-572B-4A51-8609-E44B96DDA395}.Release|x64.Build.0 = Release|Any CPU
		{D3E2ED5E-572B-4A51-8609-E44B96DDA395}.Release|x86.ActiveCfg = Release|Any CPU
		{D3E2ED5E-572B-4A51-8609-E44B96DDA395}.Release|x86.Build.0 = Release|Any CPU
		{35EE08F5-9A4B-4C4D-A2BD-62353F1BA0C2}.Debug|Any CPU.ActiveCfg = Debug|Any CPU
		{35EE08F5-9A4B-4C4D-A2BD-62353F1BA0C2}.Debug|Any CPU.Build.0 = Debug|Any CPU
		{35EE08F5-9A4B-4C4D-A2BD-62353F1BA0C2}.Debug|x64.ActiveCfg = Debug|Any CPU
		{35EE08F5-9A4B-4C4D-A2BD-62353F1BA0C2}.Debug|x64.Build.0 = Debug|Any CPU
		{35EE08F5-9A4B-4C4D-A2BD-62353F1BA0C2}.Debug|x86.ActiveCfg = Debug|Any CPU
		{35EE08F5-9A4B-4C4D-A2BD-62353F1BA0C2}.Debug|x86.Build.0 = Debug|Any CPU
		{35EE08F5-9A4B-4C4D-A2BD-62353F1BA0C2}.Release|Any CPU.ActiveCfg = Release|Any CPU
		{35EE08F5-9A4B-4C4D-A2BD-62353F1BA0C2}.Release|Any CPU.Build.0 = Release|Any CPU
		{35EE08F5-9A4B-4C4D-A2BD-62353F1BA0C2}.Release|x64.ActiveCfg = Release|Any CPU
		{35EE08F5-9A4B-4C4D-A2BD-62353F1BA0C2}.Release|x64.Build.0 = Release|Any CPU
		{35EE08F5-9A4B-4C4D-A2BD-62353F1BA0C2}.Release|x86.ActiveCfg = Release|Any CPU
		{35EE08F5-9A4B-4C4D-A2BD-62353F1BA0C2}.Release|x86.Build.0 = Release|Any CPU
		{F7901B73-D689-43B9-8713-D1421059126C}.Debug|Any CPU.ActiveCfg = Debug|Any CPU
		{F7901B73-D689-43B9-8713-D1421059126C}.Debug|Any CPU.Build.0 = Debug|Any CPU
		{F7901B73-D689-43B9-8713-D1421059126C}.Debug|x64.ActiveCfg = Debug|Any CPU
		{F7901B73-D689-43B9-8713-D1421059126C}.Debug|x64.Build.0 = Debug|Any CPU
		{F7901B73-D689-43B9-8713-D1421059126C}.Debug|x86.ActiveCfg = Debug|Any CPU
		{F7901B73-D689-43B9-8713-D1421059126C}.Debug|x86.Build.0 = Debug|Any CPU
		{F7901B73-D689-43B9-8713-D1421059126C}.Release|Any CPU.ActiveCfg = Release|Any CPU
		{F7901B73-D689-43B9-8713-D1421059126C}.Release|Any CPU.Build.0 = Release|Any CPU
		{F7901B73-D689-43B9-8713-D1421059126C}.Release|x64.ActiveCfg = Release|Any CPU
		{F7901B73-D689-43B9-8713-D1421059126C}.Release|x64.Build.0 = Release|Any CPU
		{F7901B73-D689-43B9-8713-D1421059126C}.Release|x86.ActiveCfg = Release|Any CPU
		{F7901B73-D689-43B9-8713-D1421059126C}.Release|x86.Build.0 = Release|Any CPU
		{B631E492-E778-4BD6-8305-F6C1963F4E47}.Debug|Any CPU.ActiveCfg = Debug|Any CPU
		{B631E492-E778-4BD6-8305-F6C1963F4E47}.Debug|Any CPU.Build.0 = Debug|Any CPU
		{B631E492-E778-4BD6-8305-F6C1963F4E47}.Debug|x64.ActiveCfg = Debug|Any CPU
		{B631E492-E778-4BD6-8305-F6C1963F4E47}.Debug|x64.Build.0 = Debug|Any CPU
		{B631E492-E778-4BD6-8305-F6C1963F4E47}.Debug|x86.ActiveCfg = Debug|Any CPU
		{B631E492-E778-4BD6-8305-F6C1963F4E47}.Debug|x86.Build.0 = Debug|Any CPU
		{B631E492-E778-4BD6-8305-F6C1963F4E47}.Release|Any CPU.ActiveCfg = Release|Any CPU
		{B631E492-E778-4BD6-8305-F6C1963F4E47}.Release|Any CPU.Build.0 = Release|Any CPU
		{B631E492-E778-4BD6-8305-F6C1963F4E47}.Release|x64.ActiveCfg = Release|Any CPU
		{B631E492-E778-4BD6-8305-F6C1963F4E47}.Release|x64.Build.0 = Release|Any CPU
		{B631E492-E778-4BD6-8305-F6C1963F4E47}.Release|x86.ActiveCfg = Release|Any CPU
		{B631E492-E778-4BD6-8305-F6C1963F4E47}.Release|x86.Build.0 = Release|Any CPU
		{017122D0-40F4-4410-962D-17B6A491A201}.Debug|Any CPU.ActiveCfg = Debug|Any CPU
		{017122D0-40F4-4410-962D-17B6A491A201}.Debug|Any CPU.Build.0 = Debug|Any CPU
		{017122D0-40F4-4410-962D-17B6A491A201}.Debug|x64.ActiveCfg = Debug|Any CPU
		{017122D0-40F4-4410-962D-17B6A491A201}.Debug|x64.Build.0 = Debug|Any CPU
		{017122D0-40F4-4410-962D-17B6A491A201}.Debug|x86.ActiveCfg = Debug|Any CPU
		{017122D0-40F4-4410-962D-17B6A491A201}.Debug|x86.Build.0 = Debug|Any CPU
		{017122D0-40F4-4410-962D-17B6A491A201}.Release|Any CPU.ActiveCfg = Release|Any CPU
		{017122D0-40F4-4410-962D-17B6A491A201}.Release|Any CPU.Build.0 = Release|Any CPU
		{017122D0-40F4-4410-962D-17B6A491A201}.Release|x64.ActiveCfg = Release|Any CPU
		{017122D0-40F4-4410-962D-17B6A491A201}.Release|x64.Build.0 = Release|Any CPU
		{017122D0-40F4-4410-962D-17B6A491A201}.Release|x86.ActiveCfg = Release|Any CPU
		{017122D0-40F4-4410-962D-17B6A491A201}.Release|x86.Build.0 = Release|Any CPU
		{26D22674-C3AC-4DEC-A1F9-296A7994143E}.Debug|Any CPU.ActiveCfg = Debug|Any CPU
		{26D22674-C3AC-4DEC-A1F9-296A7994143E}.Debug|Any CPU.Build.0 = Debug|Any CPU
		{26D22674-C3AC-4DEC-A1F9-296A7994143E}.Debug|x64.ActiveCfg = Debug|Any CPU
		{26D22674-C3AC-4DEC-A1F9-296A7994143E}.Debug|x64.Build.0 = Debug|Any CPU
		{26D22674-C3AC-4DEC-A1F9-296A7994143E}.Debug|x86.ActiveCfg = Debug|Any CPU
		{26D22674-C3AC-4DEC-A1F9-296A7994143E}.Debug|x86.Build.0 = Debug|Any CPU
		{26D22674-C3AC-4DEC-A1F9-296A7994143E}.Release|Any CPU.ActiveCfg = Release|Any CPU
		{26D22674-C3AC-4DEC-A1F9-296A7994143E}.Release|Any CPU.Build.0 = Release|Any CPU
		{26D22674-C3AC-4DEC-A1F9-296A7994143E}.Release|x64.ActiveCfg = Release|Any CPU
		{26D22674-C3AC-4DEC-A1F9-296A7994143E}.Release|x64.Build.0 = Release|Any CPU
		{26D22674-C3AC-4DEC-A1F9-296A7994143E}.Release|x86.ActiveCfg = Release|Any CPU
		{26D22674-C3AC-4DEC-A1F9-296A7994143E}.Release|x86.Build.0 = Release|Any CPU
		{8F4AA4D3-BF01-42C8-A2FC-EB9840FE8497}.Debug|Any CPU.ActiveCfg = Debug|Any CPU
		{8F4AA4D3-BF01-42C8-A2FC-EB9840FE8497}.Debug|Any CPU.Build.0 = Debug|Any CPU
		{8F4AA4D3-BF01-42C8-A2FC-EB9840FE8497}.Debug|x64.ActiveCfg = Debug|Any CPU
		{8F4AA4D3-BF01-42C8-A2FC-EB9840FE8497}.Debug|x64.Build.0 = Debug|Any CPU
		{8F4AA4D3-BF01-42C8-A2FC-EB9840FE8497}.Debug|x86.ActiveCfg = Debug|Any CPU
		{8F4AA4D3-BF01-42C8-A2FC-EB9840FE8497}.Debug|x86.Build.0 = Debug|Any CPU
		{8F4AA4D3-BF01-42C8-A2FC-EB9840FE8497}.Release|Any CPU.ActiveCfg = Release|Any CPU
		{8F4AA4D3-BF01-42C8-A2FC-EB9840FE8497}.Release|Any CPU.Build.0 = Release|Any CPU
		{8F4AA4D3-BF01-42C8-A2FC-EB9840FE8497}.Release|x64.ActiveCfg = Release|Any CPU
		{8F4AA4D3-BF01-42C8-A2FC-EB9840FE8497}.Release|x64.Build.0 = Release|Any CPU
		{8F4AA4D3-BF01-42C8-A2FC-EB9840FE8497}.Release|x86.ActiveCfg = Release|Any CPU
		{8F4AA4D3-BF01-42C8-A2FC-EB9840FE8497}.Release|x86.Build.0 = Release|Any CPU
		{351C7E3E-C0C8-4AFA-95F9-B52597BB3EFD}.Debug|Any CPU.ActiveCfg = Debug|Any CPU
		{351C7E3E-C0C8-4AFA-95F9-B52597BB3EFD}.Debug|Any CPU.Build.0 = Debug|Any CPU
		{351C7E3E-C0C8-4AFA-95F9-B52597BB3EFD}.Debug|x64.ActiveCfg = Debug|Any CPU
		{351C7E3E-C0C8-4AFA-95F9-B52597BB3EFD}.Debug|x64.Build.0 = Debug|Any CPU
		{351C7E3E-C0C8-4AFA-95F9-B52597BB3EFD}.Debug|x86.ActiveCfg = Debug|Any CPU
		{351C7E3E-C0C8-4AFA-95F9-B52597BB3EFD}.Debug|x86.Build.0 = Debug|Any CPU
		{351C7E3E-C0C8-4AFA-95F9-B52597BB3EFD}.Release|Any CPU.ActiveCfg = Release|Any CPU
		{351C7E3E-C0C8-4AFA-95F9-B52597BB3EFD}.Release|Any CPU.Build.0 = Release|Any CPU
		{351C7E3E-C0C8-4AFA-95F9-B52597BB3EFD}.Release|x64.ActiveCfg = Release|Any CPU
		{351C7E3E-C0C8-4AFA-95F9-B52597BB3EFD}.Release|x64.Build.0 = Release|Any CPU
		{351C7E3E-C0C8-4AFA-95F9-B52597BB3EFD}.Release|x86.ActiveCfg = Release|Any CPU
		{351C7E3E-C0C8-4AFA-95F9-B52597BB3EFD}.Release|x86.Build.0 = Release|Any CPU
	EndGlobalSection
	GlobalSection(SolutionProperties) = preSolution
		HideSolutionNode = FALSE
	EndGlobalSection
	GlobalSection(ExtensibilityGlobals) = postSolution
		SolutionGuid = {881BFD73-CC46-42C0-A97A-F59777BFE603}
	EndGlobalSection
EndGlobal
